// !$*UTF8*$!
{
	archiveVersion = 1;
	classes = {
	};
	objectVersion = 50;
	objects = {

/* Begin PBXBuildFile section */
		920320B924D8FC6F00D27DFD /* AppDelegate.swift in Sources */ = {isa = PBXBuildFile; fileRef = 920320B824D8FC6F00D27DFD /* AppDelegate.swift */; };
		920320BB24D8FC6F00D27DFD /* SceneDelegate.swift in Sources */ = {isa = PBXBuildFile; fileRef = 920320BA24D8FC6F00D27DFD /* SceneDelegate.swift */; };
		920320BD24D8FC6F00D27DFD /* ContentView.swift in Sources */ = {isa = PBXBuildFile; fileRef = 920320BC24D8FC6F00D27DFD /* ContentView.swift */; };
		920320BF24D8FC7700D27DFD /* Assets.xcassets in Resources */ = {isa = PBXBuildFile; fileRef = 920320BE24D8FC7700D27DFD /* Assets.xcassets */; };
		920320C224D8FC7700D27DFD /* Preview Assets.xcassets in Resources */ = {isa = PBXBuildFile; fileRef = 920320C124D8FC7700D27DFD /* Preview Assets.xcassets */; };
		920320C524D8FC7700D27DFD /* LaunchScreen.storyboard in Resources */ = {isa = PBXBuildFile; fileRef = 920320C324D8FC7700D27DFD /* LaunchScreen.storyboard */; };
/* End PBXBuildFile section */

/* Begin PBXFileReference section */
		920320B524D8FC6F00D27DFD /* fastgi.app */ = {isa = PBXFileReference; explicitFileType = wrapper.application; includeInIndex = 0; path = fastgi.app; sourceTree = BUILT_PRODUCTS_DIR; };
		920320B824D8FC6F00D27DFD /* AppDelegate.swift */ = {isa = PBXFileReference; lastKnownFileType = sourcecode.swift; path = AppDelegate.swift; sourceTree = "<group>"; };
		920320BA24D8FC6F00D27DFD /* SceneDelegate.swift */ = {isa = PBXFileReference; lastKnownFileType = sourcecode.swift; path = SceneDelegate.swift; sourceTree = "<group>"; };
		920320BC24D8FC6F00D27DFD /* ContentView.swift */ = {isa = PBXFileReference; lastKnownFileType = sourcecode.swift; path = ContentView.swift; sourceTree = "<group>"; };
		920320BE24D8FC7700D27DFD /* Assets.xcassets */ = {isa = PBXFileReference; lastKnownFileType = folder.assetcatalog; path = Assets.xcassets; sourceTree = "<group>"; };
		920320C124D8FC7700D27DFD /* Preview Assets.xcassets */ = {isa = PBXFileReference; lastKnownFileType = folder.assetcatalog; path = "Preview Assets.xcassets"; sourceTree = "<group>"; };
		920320C424D8FC7700D27DFD /* Base */ = {isa = PBXFileReference; lastKnownFileType = file.storyboard; name = Base; path = Base.lproj/LaunchScreen.storyboard; sourceTree = "<group>"; };
		920320C624D8FC7700D27DFD /* Info.plist */ = {isa = PBXFileReference; lastKnownFileType = text.plist.xml; path = Info.plist; sourceTree = "<group>"; };
/* End PBXFileReference section */

/* Begin PBXFrameworksBuildPhase section */
		920320B224D8FC6F00D27DFD /* Frameworks */ = {
			isa = PBXFrameworksBuildPhase;
			buildActionMask = 2147483647;
			files = (
			);
			runOnlyForDeploymentPostprocessing = 0;
		};
/* End PBXFrameworksBuildPhase section */

/* Begin PBXGroup section */
		920320AC24D8FC6F00D27DFD = {
			isa = PBXGroup;
			children = (
				920320B724D8FC6F00D27DFD /* fastgi */,
				920320B624D8FC6F00D27DFD /* Products */,
			);
			sourceTree = "<group>";
		};
		920320B624D8FC6F00D27DFD /* Products */ = {
			isa = PBXGroup;
			children = (
				920320B524D8FC6F00D27DFD /* fastgi.app */,
			);
			name = Products;
			sourceTree = "<group>";
		};
		920320B724D8FC6F00D27DFD /* fastgi */ = {
			isa = PBXGroup;
			children = (
				920320B824D8FC6F00D27DFD /* AppDelegate.swift */,
				920320BA24D8FC6F00D27DFD /* SceneDelegate.swift */,
				920320BC24D8FC6F00D27DFD /* ContentView.swift */,
				920320BE24D8FC7700D27DFD /* Assets.xcassets */,
				920320C324D8FC7700D27DFD /* LaunchScreen.storyboard */,
				920320C624D8FC7700D27DFD /* Info.plist */,
				920320C024D8FC7700D27DFD /* Preview Content */,
			);
			path = fastgi;
			sourceTree = "<group>";
		};
		920320C024D8FC7700D27DFD /* Preview Content */ = {
			isa = PBXGroup;
			children = (
				920320C124D8FC7700D27DFD /* Preview Assets.xcassets */,
			);
			path = "Preview Content";
			sourceTree = "<group>";
		};
/* End PBXGroup section */

/* Begin PBXNativeTarget section */
		920320B424D8FC6F00D27DFD /* fastgi */ = {
			isa = PBXNativeTarget;
			buildConfigurationList = 920320C924D8FC7700D27DFD /* Build configuration list for PBXNativeTarget "fastgi" */;
			buildPhases = (
				920320B124D8FC6F00D27DFD /* Sources */,
				920320B224D8FC6F00D27DFD /* Frameworks */,
				920320B324D8FC6F00D27DFD /* Resources */,
			);
			buildRules = (
			);
			dependencies = (
			);
			name = fastgi;
			productName = fastgi;
			productReference = 920320B524D8FC6F00D27DFD /* fastgi.app */;
			productType = "com.apple.product-type.application";
		};
/* End PBXNativeTarget section */

/* Begin PBXProject section */
		920320AD24D8FC6F00D27DFD /* Project object */ = {
			isa = PBXProject;
			attributes = {
				LastSwiftUpdateCheck = 1160;
				LastUpgradeCheck = 1160;
				ORGANIZATIONNAME = Hegaro;
				TargetAttributes = {
					920320B424D8FC6F00D27DFD = {
						CreatedOnToolsVersion = 11.6;
					};
				};
			};
			buildConfigurationList = 920320B024D8FC6F00D27DFD /* Build configuration list for PBXProject "fastgi" */;
			compatibilityVersion = "Xcode 9.3";
			developmentRegion = en;
			hasScannedForEncodings = 0;
			knownRegions = (
				en,
				Base,
			);
			mainGroup = 920320AC24D8FC6F00D27DFD;
			productRefGroup = 920320B624D8FC6F00D27DFD /* Products */;
			projectDirPath = "";
			projectRoot = "";
			targets = (
				920320B424D8FC6F00D27DFD /* fastgi */,
			);
		};
/* End PBXProject section */

/* Begin PBXResourcesBuildPhase section */
		920320B324D8FC6F00D27DFD /* Resources */ = {
			isa = PBXResourcesBuildPhase;
			buildActionMask = 2147483647;
			files = (
				920320C524D8FC7700D27DFD /* LaunchScreen.storyboard in Resources */,
				920320C224D8FC7700D27DFD /* Preview Assets.xcassets in Resources */,
				920320BF24D8FC7700D27DFD /* Assets.xcassets in Resources */,
			);
			runOnlyForDeploymentPostprocessing = 0;
		};
/* End PBXResourcesBuildPhase section */

/* Begin PBXSourcesBuildPhase section */
		920320B124D8FC6F00D27DFD /* Sources */ = {
			isa = PBXSourcesBuildPhase;
			buildActionMask = 2147483647;
			files = (
				920320B924D8FC6F00D27DFD /* AppDelegate.swift in Sources */,
				920320BB24D8FC6F00D27DFD /* SceneDelegate.swift in Sources */,
				920320BD24D8FC6F00D27DFD /* ContentView.swift in Sources */,
			);
			runOnlyForDeploymentPostprocessing = 0;
		};
/* End PBXSourcesBuildPhase section */

/* Begin PBXVariantGroup section */
		920320C324D8FC7700D27DFD /* LaunchScreen.storyboard */ = {
			isa = PBXVariantGroup;
			children = (
				920320C424D8FC7700D27DFD /* Base */,
			);
			name = LaunchScreen.storyboard;
			sourceTree = "<group>";
		};
/* End PBXVariantGroup section */

/* Begin XCBuildConfiguration section */
		920320C724D8FC7700D27DFD /* Debug */ = {
			isa = XCBuildConfiguration;
			buildSettings = {
				ALWAYS_SEARCH_USER_PATHS = NO;
				CLANG_ANALYZER_NONNULL = YES;
				CLANG_ANALYZER_NUMBER_OBJECT_CONVERSION = YES_AGGRESSIVE;
				CLANG_CXX_LANGUAGE_STANDARD = "gnu++14";
				CLANG_CXX_LIBRARY = "libc++";
				CLANG_ENABLE_MODULES = YES;
				CLANG_ENABLE_OBJC_ARC = YES;
				CLANG_ENABLE_OBJC_WEAK = YES;
				CLANG_WARN_BLOCK_CAPTURE_AUTORELEASING = YES;
				CLANG_WARN_BOOL_CONVERSION = YES;
				CLANG_WARN_COMMA = YES;
				CLANG_WARN_CONSTANT_CONVERSION = YES;
				CLANG_WARN_DEPRECATED_OBJC_IMPLEMENTATIONS = YES;
				CLANG_WARN_DIRECT_OBJC_ISA_USAGE = YES_ERROR;
				CLANG_WARN_DOCUMENTATION_COMMENTS = YES;
				CLANG_WARN_EMPTY_BODY = YES;
				CLANG_WARN_ENUM_CONVERSION = YES;
				CLANG_WARN_INFINITE_RECURSION = YES;
				CLANG_WARN_INT_CONVERSION = YES;
				CLANG_WARN_NON_LITERAL_NULL_CONVERSION = YES;
				CLANG_WARN_OBJC_IMPLICIT_RETAIN_SELF = YES;
				CLANG_WARN_OBJC_LITERAL_CONVERSION = YES;
				CLANG_WARN_OBJC_ROOT_CLASS = YES_ERROR;
				CLANG_WARN_RANGE_LOOP_ANALYSIS = YES;
				CLANG_WARN_STRICT_PROTOTYPES = YES;
				CLANG_WARN_SUSPICIOUS_MOVE = YES;
				CLANG_WARN_UNGUARDED_AVAILABILITY = YES_AGGRESSIVE;
				CLANG_WARN_UNREACHABLE_CODE = YES;
				CLANG_WARN__DUPLICATE_METHOD_MATCH = YES;
				COPY_PHASE_STRIP = NO;
				DEBUG_INFORMATION_FORMAT = dwarf;
				ENABLE_STRICT_OBJC_MSGSEND = YES;
				ENABLE_TESTABILITY = YES;
				GCC_C_LANGUAGE_STANDARD = gnu11;
				GCC_DYNAMIC_NO_PIC = NO;
				GCC_NO_COMMON_BLOCKS = YES;
				GCC_OPTIMIZATION_LEVEL = 0;
				GCC_PREPROCESSOR_DEFINITIONS = (
					"DEBUG=1",
					"$(inherited)",
				);
				GCC_WARN_64_TO_32_BIT_CONVERSION = YES;
				GCC_WARN_ABOUT_RETURN_TYPE = YES_ERROR;
				GCC_WARN_UNDECLARED_SELECTOR = YES;
				GCC_WARN_UNINITIALIZED_AUTOS = YES_AGGRESSIVE;
				GCC_WARN_UNUSED_FUNCTION = YES;
				GCC_WARN_UNUSED_VARIABLE = YES;
				IPHONEOS_DEPLOYMENT_TARGET = 13.6;
				MTL_ENABLE_DEBUG_INFO = INCLUDE_SOURCE;
				MTL_FAST_MATH = YES;
				ONLY_ACTIVE_ARCH = YES;
				SDKROOT = iphoneos;
				SWIFT_ACTIVE_COMPILATION_CONDITIONS = DEBUG;
				SWIFT_OPTIMIZATION_LEVEL = "-Onone";
			};
			name = Debug;
		};
		920320C824D8FC7700D27DFD /* Release */ = {
			isa = XCBuildConfiguration;
			buildSettings = {
				ALWAYS_SEARCH_USER_PATHS = NO;
				CLANG_ANALYZER_NONNULL = YES;
				CLANG_ANALYZER_NUMBER_OBJECT_CONVERSION = YES_AGGRESSIVE;
				CLANG_CXX_LANGUAGE_STANDARD = "gnu++14";
				CLANG_CXX_LIBRARY = "libc++";
				CLANG_ENABLE_MODULES = YES;
				CLANG_ENABLE_OBJC_ARC = YES;
				CLANG_ENABLE_OBJC_WEAK = YES;
				CLANG_WARN_BLOCK_CAPTURE_AUTORELEASING = YES;
				CLANG_WARN_BOOL_CONVERSION = YES;
				CLANG_WARN_COMMA = YES;
				CLANG_WARN_CONSTANT_CONVERSION = YES;
				CLANG_WARN_DEPRECATED_OBJC_IMPLEMENTATIONS = YES;
				CLANG_WARN_DIRECT_OBJC_ISA_USAGE = YES_ERROR;
				CLANG_WARN_DOCUMENTATION_COMMENTS = YES;
				CLANG_WARN_EMPTY_BODY = YES;
				CLANG_WARN_ENUM_CONVERSION = YES;
				CLANG_WARN_INFINITE_RECURSION = YES;
				CLANG_WARN_INT_CONVERSION = YES;
				CLANG_WARN_NON_LITERAL_NULL_CONVERSION = YES;
				CLANG_WARN_OBJC_IMPLICIT_RETAIN_SELF = YES;
				CLANG_WARN_OBJC_LITERAL_CONVERSION = YES;
				CLANG_WARN_OBJC_ROOT_CLASS = YES_ERROR;
				CLANG_WARN_RANGE_LOOP_ANALYSIS = YES;
				CLANG_WARN_STRICT_PROTOTYPES = YES;
				CLANG_WARN_SUSPICIOUS_MOVE = YES;
				CLANG_WARN_UNGUARDED_AVAILABILITY = YES_AGGRESSIVE;
				CLANG_WARN_UNREACHABLE_CODE = YES;
				CLANG_WARN__DUPLICATE_METHOD_MATCH = YES;
				COPY_PHASE_STRIP = NO;
				DEBUG_INFORMATION_FORMAT = "dwarf-with-dsym";
				ENABLE_NS_ASSERTIONS = NO;
				ENABLE_STRICT_OBJC_MSGSEND = YES;
				GCC_C_LANGUAGE_STANDARD = gnu11;
				GCC_NO_COMMON_BLOCKS = YES;
				GCC_WARN_64_TO_32_BIT_CONVERSION = YES;
				GCC_WARN_ABOUT_RETURN_TYPE = YES_ERROR;
				GCC_WARN_UNDECLARED_SELECTOR = YES;
				GCC_WARN_UNINITIALIZED_AUTOS = YES_AGGRESSIVE;
				GCC_WARN_UNUSED_FUNCTION = YES;
				GCC_WARN_UNUSED_VARIABLE = YES;
				IPHONEOS_DEPLOYMENT_TARGET = 13.6;
				MTL_ENABLE_DEBUG_INFO = NO;
				MTL_FAST_MATH = YES;
				SDKROOT = iphoneos;
				SWIFT_COMPILATION_MODE = wholemodule;
				SWIFT_OPTIMIZATION_LEVEL = "-O";
				VALIDATE_PRODUCT = YES;
			};
			name = Release;
		};
		920320CA24D8FC7700D27DFD /* Debug */ = {
			isa = XCBuildConfiguration;
			buildSettings = {
				ASSETCATALOG_COMPILER_APPICON_NAME = AppIcon;
				CODE_SIGN_STYLE = Automatic;
				DEVELOPMENT_ASSET_PATHS = "\"fastgi/Preview Content\"";
				DEVELOPMENT_TEAM = 8434L4CAU2;
				ENABLE_PREVIEWS = YES;
				INFOPLIST_FILE = fastgi/Info.plist;
				LD_RUNPATH_SEARCH_PATHS = (
					"$(inherited)",
					"@executable_path/Frameworks",
				);
				PRODUCT_BUNDLE_IDENTIFIER = com.hegaro.fastgi.fastgi;
				PRODUCT_NAME = "$(TARGET_NAME)";
				SWIFT_VERSION = 5.0;
				TARGETED_DEVICE_FAMILY = "1,2";
			};
			name = Debug;
		};
		920320CB24D8FC7700D27DFD /* Release */ = {
			isa = XCBuildConfiguration;
			buildSettings = {
				ASSETCATALOG_COMPILER_APPICON_NAME = AppIcon;
				CODE_SIGN_STYLE = Automatic;
				DEVELOPMENT_ASSET_PATHS = "\"fastgi/Preview Content\"";
				DEVELOPMENT_TEAM = 8434L4CAU2;
				ENABLE_PREVIEWS = YES;
				INFOPLIST_FILE = fastgi/Info.plist;
				LD_RUNPATH_SEARCH_PATHS = (
					"$(inherited)",
					"@executable_path/Frameworks",
				);
				PRODUCT_BUNDLE_IDENTIFIER = com.hegaro.fastgi.fastgi;
				PRODUCT_NAME = "$(TARGET_NAME)";
				SWIFT_VERSION = 5.0;
				TARGETED_DEVICE_FAMILY = "1,2";
			};
			name = Release;
		};
/* End XCBuildConfiguration section */

/* Begin XCConfigurationList section */
		920320B024D8FC6F00D27DFD /* Build configuration list for PBXProject "fastgi" */ = {
			isa = XCConfigurationList;
			buildConfigurations = (
				920320C724D8FC7700D27DFD /* Debug */,
				920320C824D8FC7700D27DFD /* Release */,
			);
			defaultConfigurationIsVisible = 0;
			defaultConfigurationName = Release;
		};
		920320C924D8FC7700D27DFD /* Build configuration list for PBXNativeTarget "fastgi" */ = {
			isa = XCConfigurationList;
			buildConfigurations = (
				920320CA24D8FC7700D27DFD /* Debug */,
				920320CB24D8FC7700D27DFD /* Release */,
			);
			defaultConfigurationIsVisible = 0;
			defaultConfigurationName = Release;
		};
/* End XCConfigurationList section */
	};
	rootObject = 920320AD24D8FC6F00D27DFD /* Project object */;
}
